// !$*UTF8*$!
{
	archiveVersion = 1;
	classes = {
	};
	objectVersion = 46;
	objects = {

/* Begin PBXBuildFile section */
		3B0EF6B91B857EF8003F9FDF /* ChannelViewController.swift in Sources */ = {isa = PBXBuildFile; fileRef = 3B0EF6B81B857EF8003F9FDF /* ChannelViewController.swift */; };
		3B0EF6ED1B85CB13003F9FDF /* JKPopMenuItem.m in Sources */ = {isa = PBXBuildFile; fileRef = 3B0EF6EA1B85CB13003F9FDF /* JKPopMenuItem.m */; };
		3B0EF6EE1B85CB13003F9FDF /* JKPopMenuView.m in Sources */ = {isa = PBXBuildFile; fileRef = 3B0EF6EC1B85CB13003F9FDF /* JKPopMenuView.m */; };
		3B0EF71A1B85CBD9003F9FDF /* FXBlurView.m in Sources */ = {isa = PBXBuildFile; fileRef = 3B0EF6FC1B85CBD9003F9FDF /* FXBlurView.m */; };
		3B0EF71B1B85CBD9003F9FDF /* LICENCE.md in Sources */ = {isa = PBXBuildFile; fileRef = 3B0EF6FD1B85CBD9003F9FDF /* LICENCE.md */; };
		3B0EF71C1B85CBD9003F9FDF /* README.md in Sources */ = {isa = PBXBuildFile; fileRef = 3B0EF6FE1B85CBD9003F9FDF /* README.md */; };
		3B0EF71D1B85CBD9003F9FDF /* Manifest.lock in Resources */ = {isa = PBXBuildFile; fileRef = 3B0EF7071B85CBD9003F9FDF /* Manifest.lock */; };
		3B0EF71E1B85CBD9003F9FDF /* Target in Resources */ = {isa = PBXBuildFile; fileRef = 3B0EF70B1B85CBD9003F9FDF /* Target */; };
		3B0EF71F1B85CBD9003F9FDF /* Pods-acknowledgements.markdown in Sources */ = {isa = PBXBuildFile; fileRef = 3B0EF70E1B85CBD9003F9FDF /* Pods-acknowledgements.markdown */; };
		3B0EF7201B85CBD9003F9FDF /* Pods-acknowledgements.plist in Resources */ = {isa = PBXBuildFile; fileRef = 3B0EF70F1B85CBD9003F9FDF /* Pods-acknowledgements.plist */; };
		3B0EF7211B85CBD9003F9FDF /* Pods-dummy.m in Sources */ = {isa = PBXBuildFile; fileRef = 3B0EF7101B85CBD9003F9FDF /* Pods-dummy.m */; };
		3B0EF7221B85CBD9003F9FDF /* Pods-resources.sh in Resources */ = {isa = PBXBuildFile; fileRef = 3B0EF7121B85CBD9003F9FDF /* Pods-resources.sh */; };
		3B0EF7231B85CBD9003F9FDF /* Pods.debug.xcconfig in Resources */ = {isa = PBXBuildFile; fileRef = 3B0EF7131B85CBD9003F9FDF /* Pods.debug.xcconfig */; };
		3B0EF7241B85CBD9003F9FDF /* Pods.release.xcconfig in Resources */ = {isa = PBXBuildFile; fileRef = 3B0EF7141B85CBD9003F9FDF /* Pods.release.xcconfig */; };
		3B0EF7251B85CBD9003F9FDF /* Pods-FXBlurView-dummy.m in Sources */ = {isa = PBXBuildFile; fileRef = 3B0EF7161B85CBD9003F9FDF /* Pods-FXBlurView-dummy.m */; };
		3B0EF7261B85CBD9003F9FDF /* Pods-FXBlurView-Private.xcconfig in Resources */ = {isa = PBXBuildFile; fileRef = 3B0EF7181B85CBD9003F9FDF /* Pods-FXBlurView-Private.xcconfig */; };
		3B0EF7271B85CBD9003F9FDF /* Pods-FXBlurView.xcconfig in Resources */ = {isa = PBXBuildFile; fileRef = 3B0EF7191B85CBD9003F9FDF /* Pods-FXBlurView.xcconfig */; };
		3B2994251B8485FB00C4C06D /* AppDelegate.swift in Sources */ = {isa = PBXBuildFile; fileRef = 3B2994241B8485FB00C4C06D /* AppDelegate.swift */; };
		3B2994271B8485FB00C4C06D /* ViewController.swift in Sources */ = {isa = PBXBuildFile; fileRef = 3B2994261B8485FB00C4C06D /* ViewController.swift */; };
		3B29942A1B8485FB00C4C06D /* Main.storyboard in Resources */ = {isa = PBXBuildFile; fileRef = 3B2994281B8485FB00C4C06D /* Main.storyboard */; };
		3B29942C1B8485FB00C4C06D /* Images.xcassets in Resources */ = {isa = PBXBuildFile; fileRef = 3B29942B1B8485FB00C4C06D /* Images.xcassets */; };
		3B29942F1B8485FB00C4C06D /* LaunchScreen.xib in Resources */ = {isa = PBXBuildFile; fileRef = 3B29942D1B8485FB00C4C06D /* LaunchScreen.xib */; };
		3B29943B1B8485FB00C4C06D /* DoubanMusicTests.swift in Sources */ = {isa = PBXBuildFile; fileRef = 3B29943A1B8485FB00C4C06D /* DoubanMusicTests.swift */; };
		3B2994451B849BF900C4C06D /* HttpController.swift in Sources */ = {isa = PBXBuildFile; fileRef = 3B2994441B849BF900C4C06D /* HttpController.swift */; };
/* End PBXBuildFile section */

/* Begin PBXContainerItemProxy section */
		3B0EF72A1B85CBD9003F9FDF /* PBXContainerItemProxy */ = {
			isa = PBXContainerItemProxy;
			containerPortal = 3B0EF7081B85CBD9003F9FDF /* Pods.xcodeproj */;
			proxyType = 2;
			remoteGlobalIDString = 85A3BB9F17313819605D16BB;
			remoteInfo = Pods;
		};
		3B0EF72C1B85CBD9003F9FDF /* PBXContainerItemProxy */ = {
			isa = PBXContainerItemProxy;
			containerPortal = 3B0EF7081B85CBD9003F9FDF /* Pods.xcodeproj */;
			proxyType = 2;
			remoteGlobalIDString = A3E8DA4C664E52921A262FA2;
			remoteInfo = "Pods-FXBlurView";
		};
		3B2994351B8485FB00C4C06D /* PBXContainerItemProxy */ = {
			isa = PBXContainerItemProxy;
			containerPortal = 3B2994171B8485FB00C4C06D /* Project object */;
			proxyType = 1;
			remoteGlobalIDString = 3B29941E1B8485FB00C4C06D;
			remoteInfo = DoubanMusic;
		};
/* End PBXContainerItemProxy section */

/* Begin PBXFileReference section */
		3B0EF6B81B857EF8003F9FDF /* ChannelViewController.swift */ = {isa = PBXFileReference; fileEncoding = 4; lastKnownFileType = sourcecode.swift; path = ChannelViewController.swift; sourceTree = "<group>"; };
		3B0EF6E91B85CB13003F9FDF /* JKPopMenuItem.h */ = {isa = PBXFileReference; fileEncoding = 4; lastKnownFileType = sourcecode.c.h; path = JKPopMenuItem.h; sourceTree = "<group>"; };
		3B0EF6EA1B85CB13003F9FDF /* JKPopMenuItem.m */ = {isa = PBXFileReference; fileEncoding = 4; lastKnownFileType = sourcecode.c.objc; path = JKPopMenuItem.m; sourceTree = "<group>"; };
		3B0EF6EB1B85CB13003F9FDF /* JKPopMenuView.h */ = {isa = PBXFileReference; fileEncoding = 4; lastKnownFileType = sourcecode.c.h; path = JKPopMenuView.h; sourceTree = "<group>"; };
		3B0EF6EC1B85CB13003F9FDF /* JKPopMenuView.m */ = {isa = PBXFileReference; fileEncoding = 4; lastKnownFileType = sourcecode.c.objc; path = JKPopMenuView.m; sourceTree = "<group>"; };
		3B0EF6FB1B85CBD9003F9FDF /* FXBlurView.h */ = {isa = PBXFileReference; fileEncoding = 4; lastKnownFileType = sourcecode.c.h; path = FXBlurView.h; sourceTree = "<group>"; };
		3B0EF6FC1B85CBD9003F9FDF /* FXBlurView.m */ = {isa = PBXFileReference; fileEncoding = 4; lastKnownFileType = sourcecode.c.objc; path = FXBlurView.m; sourceTree = "<group>"; };
		3B0EF6FD1B85CBD9003F9FDF /* LICENCE.md */ = {isa = PBXFileReference; fileEncoding = 4; lastKnownFileType = net.daringfireball.markdown; path = LICENCE.md; sourceTree = "<group>"; };
		3B0EF6FE1B85CBD9003F9FDF /* README.md */ = {isa = PBXFileReference; fileEncoding = 4; lastKnownFileType = net.daringfireball.markdown; path = README.md; sourceTree = "<group>"; };
		3B0EF7021B85CBD9003F9FDF /* FXBlurView.h */ = {isa = PBXFileReference; fileEncoding = 4; lastKnownFileType = sourcecode.c.h; path = FXBlurView.h; sourceTree = "<group>"; };
		3B0EF7051B85CBD9003F9FDF /* FXBlurView.h */ = {isa = PBXFileReference; fileEncoding = 4; lastKnownFileType = sourcecode.c.h; path = FXBlurView.h; sourceTree = "<group>"; };
		3B0EF7071B85CBD9003F9FDF /* Manifest.lock */ = {isa = PBXFileReference; fileEncoding = 4; lastKnownFileType = text; path = Manifest.lock; sourceTree = "<group>"; };
		3B0EF7081B85CBD9003F9FDF /* Pods.xcodeproj */ = {isa = PBXFileReference; lastKnownFileType = "wrapper.pb-project"; path = Pods.xcodeproj; sourceTree = "<group>"; };
		3B0EF70B1B85CBD9003F9FDF /* Target */ = {isa = PBXFileReference; fileEncoding = 4; lastKnownFileType = text; path = Target; sourceTree = "<group>"; };
		3B0EF70E1B85CBD9003F9FDF /* Pods-acknowledgements.markdown */ = {isa = PBXFileReference; fileEncoding = 4; lastKnownFileType = net.daringfireball.markdown; path = "Pods-acknowledgements.markdown"; sourceTree = "<group>"; };
		3B0EF70F1B85CBD9003F9FDF /* Pods-acknowledgements.plist */ = {isa = PBXFileReference; fileEncoding = 4; lastKnownFileType = text.plist.xml; path = "Pods-acknowledgements.plist"; sourceTree = "<group>"; };
		3B0EF7101B85CBD9003F9FDF /* Pods-dummy.m */ = {isa = PBXFileReference; fileEncoding = 4; lastKnownFileType = sourcecode.c.objc; path = "Pods-dummy.m"; sourceTree = "<group>"; };
		3B0EF7111B85CBD9003F9FDF /* Pods-environment.h */ = {isa = PBXFileReference; fileEncoding = 4; lastKnownFileType = sourcecode.c.h; path = "Pods-environment.h"; sourceTree = "<group>"; };
		3B0EF7121B85CBD9003F9FDF /* Pods-resources.sh */ = {isa = PBXFileReference; fileEncoding = 4; lastKnownFileType = text.script.sh; path = "Pods-resources.sh"; sourceTree = "<group>"; };
		3B0EF7131B85CBD9003F9FDF /* Pods.debug.xcconfig */ = {isa = PBXFileReference; fileEncoding = 4; lastKnownFileType = text.xcconfig; path = Pods.debug.xcconfig; sourceTree = "<group>"; };
		3B0EF7141B85CBD9003F9FDF /* Pods.release.xcconfig */ = {isa = PBXFileReference; fileEncoding = 4; lastKnownFileType = text.xcconfig; path = Pods.release.xcconfig; sourceTree = "<group>"; };
		3B0EF7161B85CBD9003F9FDF /* Pods-FXBlurView-dummy.m */ = {isa = PBXFileReference; fileEncoding = 4; lastKnownFileType = sourcecode.c.objc; path = "Pods-FXBlurView-dummy.m"; sourceTree = "<group>"; };
		3B0EF7171B85CBD9003F9FDF /* Pods-FXBlurView-prefix.pch */ = {isa = PBXFileReference; fileEncoding = 4; lastKnownFileType = sourcecode.c.h; path = "Pods-FXBlurView-prefix.pch"; sourceTree = "<group>"; };
		3B0EF7181B85CBD9003F9FDF /* Pods-FXBlurView-Private.xcconfig */ = {isa = PBXFileReference; fileEncoding = 4; lastKnownFileType = text.xcconfig; path = "Pods-FXBlurView-Private.xcconfig"; sourceTree = "<group>"; };
		3B0EF7191B85CBD9003F9FDF /* Pods-FXBlurView.xcconfig */ = {isa = PBXFileReference; fileEncoding = 4; lastKnownFileType = text.xcconfig; path = "Pods-FXBlurView.xcconfig"; sourceTree = "<group>"; };
		3B29941F1B8485FB00C4C06D /* DoubanMusic.app */ = {isa = PBXFileReference; explicitFileType = wrapper.application; includeInIndex = 0; path = DoubanMusic.app; sourceTree = BUILT_PRODUCTS_DIR; };
		3B2994231B8485FB00C4C06D /* Info.plist */ = {isa = PBXFileReference; lastKnownFileType = text.plist.xml; path = Info.plist; sourceTree = "<group>"; };
		3B2994241B8485FB00C4C06D /* AppDelegate.swift */ = {isa = PBXFileReference; lastKnownFileType = sourcecode.swift; path = AppDelegate.swift; sourceTree = "<group>"; };
		3B2994261B8485FB00C4C06D /* ViewController.swift */ = {isa = PBXFileReference; lastKnownFileType = sourcecode.swift; path = ViewController.swift; sourceTree = "<group>"; };
		3B2994291B8485FB00C4C06D /* Base */ = {isa = PBXFileReference; lastKnownFileType = file.storyboard; name = Base; path = Base.lproj/Main.storyboard; sourceTree = "<group>"; };
		3B29942B1B8485FB00C4C06D /* Images.xcassets */ = {isa = PBXFileReference; lastKnownFileType = folder.assetcatalog; path = Images.xcassets; sourceTree = "<group>"; };
		3B29942E1B8485FB00C4C06D /* Base */ = {isa = PBXFileReference; lastKnownFileType = file.xib; name = Base; path = Base.lproj/LaunchScreen.xib; sourceTree = "<group>"; };
		3B2994341B8485FB00C4C06D /* DoubanMusicTests.xctest */ = {isa = PBXFileReference; explicitFileType = wrapper.cfbundle; includeInIndex = 0; path = DoubanMusicTests.xctest; sourceTree = BUILT_PRODUCTS_DIR; };
		3B2994391B8485FB00C4C06D /* Info.plist */ = {isa = PBXFileReference; lastKnownFileType = text.plist.xml; path = Info.plist; sourceTree = "<group>"; };
		3B29943A1B8485FB00C4C06D /* DoubanMusicTests.swift */ = {isa = PBXFileReference; lastKnownFileType = sourcecode.swift; path = DoubanMusicTests.swift; sourceTree = "<group>"; };
		3B2994441B849BF900C4C06D /* HttpController.swift */ = {isa = PBXFileReference; fileEncoding = 4; lastKnownFileType = sourcecode.swift; path = HttpController.swift; sourceTree = "<group>"; };
/* End PBXFileReference section */

/* Begin PBXFrameworksBuildPhase section */
		3B29941C1B8485FB00C4C06D /* Frameworks */ = {
			isa = PBXFrameworksBuildPhase;
			buildActionMask = 2147483647;
			files = (
			);
			runOnlyForDeploymentPostprocessing = 0;
		};
		3B2994311B8485FB00C4C06D /* Frameworks */ = {
			isa = PBXFrameworksBuildPhase;
			buildActionMask = 2147483647;
			files = (
			);
			runOnlyForDeploymentPostprocessing = 0;
		};
/* End PBXFrameworksBuildPhase section */

/* Begin PBXGroup section */
		3B0EF6E81B85CB13003F9FDF /* JKPopMenu */ = {
			isa = PBXGroup;
			children = (
				3B0EF6E91B85CB13003F9FDF /* JKPopMenuItem.h */,
				3B0EF6EA1B85CB13003F9FDF /* JKPopMenuItem.m */,
				3B0EF6EB1B85CB13003F9FDF /* JKPopMenuView.h */,
				3B0EF6EC1B85CB13003F9FDF /* JKPopMenuView.m */,
			);
			path = JKPopMenu;
			sourceTree = "<group>";
		};
		3B0EF6F81B85CBD9003F9FDF /* Pods */ = {
			isa = PBXGroup;
			children = (
				3B0EF6F91B85CBD9003F9FDF /* FXBlurView */,
				3B0EF6FF1B85CBD9003F9FDF /* Headers */,
				3B0EF7061B85CBD9003F9FDF /* Local Podspecs */,
				3B0EF7071B85CBD9003F9FDF /* Manifest.lock */,
				3B0EF7081B85CBD9003F9FDF /* Pods.xcodeproj */,
				3B0EF70B1B85CBD9003F9FDF /* Target */,
				3B0EF70C1B85CBD9003F9FDF /* Target Support Files */,
			);
			path = Pods;
			sourceTree = "<group>";
		};
		3B0EF6F91B85CBD9003F9FDF /* FXBlurView */ = {
			isa = PBXGroup;
			children = (
				3B0EF6FA1B85CBD9003F9FDF /* FXBlurView */,
				3B0EF6FD1B85CBD9003F9FDF /* LICENCE.md */,
				3B0EF6FE1B85CBD9003F9FDF /* README.md */,
			);
			path = FXBlurView;
			sourceTree = "<group>";
		};
		3B0EF6FA1B85CBD9003F9FDF /* FXBlurView */ = {
			isa = PBXGroup;
			children = (
				3B0EF6FB1B85CBD9003F9FDF /* FXBlurView.h */,
				3B0EF6FC1B85CBD9003F9FDF /* FXBlurView.m */,
			);
			path = FXBlurView;
			sourceTree = "<group>";
		};
		3B0EF6FF1B85CBD9003F9FDF /* Headers */ = {
			isa = PBXGroup;
			children = (
				3B0EF7001B85CBD9003F9FDF /* Private */,
				3B0EF7031B85CBD9003F9FDF /* Public */,
			);
			path = Headers;
			sourceTree = "<group>";
		};
		3B0EF7001B85CBD9003F9FDF /* Private */ = {
			isa = PBXGroup;
			children = (
				3B0EF7011B85CBD9003F9FDF /* FXBlurView */,
			);
			path = Private;
			sourceTree = "<group>";
		};
		3B0EF7011B85CBD9003F9FDF /* FXBlurView */ = {
			isa = PBXGroup;
			children = (
				3B0EF7021B85CBD9003F9FDF /* FXBlurView.h */,
			);
			path = FXBlurView;
			sourceTree = "<group>";
		};
		3B0EF7031B85CBD9003F9FDF /* Public */ = {
			isa = PBXGroup;
			children = (
				3B0EF7041B85CBD9003F9FDF /* FXBlurView */,
			);
			path = Public;
			sourceTree = "<group>";
		};
		3B0EF7041B85CBD9003F9FDF /* FXBlurView */ = {
			isa = PBXGroup;
			children = (
				3B0EF7051B85CBD9003F9FDF /* FXBlurView.h */,
			);
			path = FXBlurView;
			sourceTree = "<group>";
		};
		3B0EF7061B85CBD9003F9FDF /* Local Podspecs */ = {
			isa = PBXGroup;
			children = (
			);
			path = "Local Podspecs";
			sourceTree = "<group>";
		};
		3B0EF7091B85CBD9003F9FDF /* Products */ = {
			isa = PBXGroup;
			children = (
				3B0EF72B1B85CBD9003F9FDF /* libPods.a */,
				3B0EF72D1B85CBD9003F9FDF /* libPods-FXBlurView.a */,
			);
			name = Products;
			sourceTree = "<group>";
		};
		3B0EF70C1B85CBD9003F9FDF /* Target Support Files */ = {
			isa = PBXGroup;
			children = (
				3B0EF70D1B85CBD9003F9FDF /* Pods */,
				3B0EF7151B85CBD9003F9FDF /* Pods-FXBlurView */,
			);
			path = "Target Support Files";
			sourceTree = "<group>";
		};
		3B0EF70D1B85CBD9003F9FDF /* Pods */ = {
			isa = PBXGroup;
			children = (
				3B0EF70E1B85CBD9003F9FDF /* Pods-acknowledgements.markdown */,
				3B0EF70F1B85CBD9003F9FDF /* Pods-acknowledgements.plist */,
				3B0EF7101B85CBD9003F9FDF /* Pods-dummy.m */,
				3B0EF7111B85CBD9003F9FDF /* Pods-environment.h */,
				3B0EF7121B85CBD9003F9FDF /* Pods-resources.sh */,
				3B0EF7131B85CBD9003F9FDF /* Pods.debug.xcconfig */,
				3B0EF7141B85CBD9003F9FDF /* Pods.release.xcconfig */,
			);
			path = Pods;
			sourceTree = "<group>";
		};
		3B0EF7151B85CBD9003F9FDF /* Pods-FXBlurView */ = {
			isa = PBXGroup;
			children = (
				3B0EF7161B85CBD9003F9FDF /* Pods-FXBlurView-dummy.m */,
				3B0EF7171B85CBD9003F9FDF /* Pods-FXBlurView-prefix.pch */,
				3B0EF7181B85CBD9003F9FDF /* Pods-FXBlurView-Private.xcconfig */,
				3B0EF7191B85CBD9003F9FDF /* Pods-FXBlurView.xcconfig */,
			);
			path = "Pods-FXBlurView";
			sourceTree = "<group>";
		};
		3B2994161B8485FB00C4C06D = {
			isa = PBXGroup;
			children = (
				3B0EF6F81B85CBD9003F9FDF /* Pods */,
				3B0EF6E81B85CB13003F9FDF /* JKPopMenu */,
				3B2994211B8485FB00C4C06D /* DoubanMusic */,
				3B2994371B8485FB00C4C06D /* DoubanMusicTests */,
				3B2994201B8485FB00C4C06D /* Products */,
			);
			sourceTree = "<group>";
		};
		3B2994201B8485FB00C4C06D /* Products */ = {
			isa = PBXGroup;
			children = (
				3B29941F1B8485FB00C4C06D /* DoubanMusic.app */,
				3B2994341B8485FB00C4C06D /* DoubanMusicTests.xctest */,
			);
			name = Products;
			sourceTree = "<group>";
		};
		3B2994211B8485FB00C4C06D /* DoubanMusic */ = {
			isa = PBXGroup;
			children = (
				3B2994241B8485FB00C4C06D /* AppDelegate.swift */,
				3B2994261B8485FB00C4C06D /* ViewController.swift */,
				3B0EF6B81B857EF8003F9FDF /* ChannelViewController.swift */,
				3B2994441B849BF900C4C06D /* HttpController.swift */,
				3B2994281B8485FB00C4C06D /* Main.storyboard */,
				3B29942B1B8485FB00C4C06D /* Images.xcassets */,
				3B29942D1B8485FB00C4C06D /* LaunchScreen.xib */,
				3B2994221B8485FB00C4C06D /* Supporting Files */,
			);
			path = DoubanMusic;
			sourceTree = "<group>";
		};
		3B2994221B8485FB00C4C06D /* Supporting Files */ = {
			isa = PBXGroup;
			children = (
				3B2994231B8485FB00C4C06D /* Info.plist */,
			);
			name = "Supporting Files";
			sourceTree = "<group>";
		};
		3B2994371B8485FB00C4C06D /* DoubanMusicTests */ = {
			isa = PBXGroup;
			children = (
				3B29943A1B8485FB00C4C06D /* DoubanMusicTests.swift */,
				3B2994381B8485FB00C4C06D /* Supporting Files */,
			);
			path = DoubanMusicTests;
			sourceTree = "<group>";
		};
		3B2994381B8485FB00C4C06D /* Supporting Files */ = {
			isa = PBXGroup;
			children = (
				3B2994391B8485FB00C4C06D /* Info.plist */,
			);
			name = "Supporting Files";
			sourceTree = "<group>";
		};
/* End PBXGroup section */

/* Begin PBXNativeTarget section */
		3B29941E1B8485FB00C4C06D /* DoubanMusic */ = {
			isa = PBXNativeTarget;
			buildConfigurationList = 3B29943E1B8485FB00C4C06D /* Build configuration list for PBXNativeTarget "DoubanMusic" */;
			buildPhases = (
				3B29941B1B8485FB00C4C06D /* Sources */,
				3B29941C1B8485FB00C4C06D /* Frameworks */,
				3B29941D1B8485FB00C4C06D /* Resources */,
			);
			buildRules = (
			);
			dependencies = (
			);
			name = DoubanMusic;
			productName = DoubanMusic;
			productReference = 3B29941F1B8485FB00C4C06D /* DoubanMusic.app */;
			productType = "com.apple.product-type.application";
		};
		3B2994331B8485FB00C4C06D /* DoubanMusicTests */ = {
			isa = PBXNativeTarget;
			buildConfigurationList = 3B2994411B8485FB00C4C06D /* Build configuration list for PBXNativeTarget "DoubanMusicTests" */;
			buildPhases = (
				3B2994301B8485FB00C4C06D /* Sources */,
				3B2994311B8485FB00C4C06D /* Frameworks */,
				3B2994321B8485FB00C4C06D /* Resources */,
			);
			buildRules = (
			);
			dependencies = (
				3B2994361B8485FB00C4C06D /* PBXTargetDependency */,
			);
			name = DoubanMusicTests;
			productName = DoubanMusicTests;
			productReference = 3B2994341B8485FB00C4C06D /* DoubanMusicTests.xctest */;
			productType = "com.apple.product-type.bundle.unit-test";
		};
/* End PBXNativeTarget section */

/* Begin PBXProject section */
		3B2994171B8485FB00C4C06D /* Project object */ = {
			isa = PBXProject;
			attributes = {
				LastUpgradeCheck = 0630;
				ORGANIZATIONNAME = xiebangyuan;
				TargetAttributes = {
					3B29941E1B8485FB00C4C06D = {
						CreatedOnToolsVersion = 6.3.2;
					};
					3B2994331B8485FB00C4C06D = {
						CreatedOnToolsVersion = 6.3.2;
						TestTargetID = 3B29941E1B8485FB00C4C06D;
					};
				};
			};
			buildConfigurationList = 3B29941A1B8485FB00C4C06D /* Build configuration list for PBXProject "DoubanMusic" */;
			compatibilityVersion = "Xcode 3.2";
			developmentRegion = English;
			hasScannedForEncodings = 0;
			knownRegions = (
				en,
				Base,
			);
			mainGroup = 3B2994161B8485FB00C4C06D;
			productRefGroup = 3B2994201B8485FB00C4C06D /* Products */;
			projectDirPath = "";
			projectReferences = (
				{
					ProductGroup = 3B0EF7091B85CBD9003F9FDF /* Products */;
					ProjectRef = 3B0EF7081B85CBD9003F9FDF /* Pods.xcodeproj */;
				},
			);
			projectRoot = "";
			targets = (
				3B29941E1B8485FB00C4C06D /* DoubanMusic */,
				3B2994331B8485FB00C4C06D /* DoubanMusicTests */,
			);
		};
/* End PBXProject section */

/* Begin PBXReferenceProxy section */
		3B0EF72B1B85CBD9003F9FDF /* libPods.a */ = {
			isa = PBXReferenceProxy;
			fileType = archive.ar;
			path = libPods.a;
			remoteRef = 3B0EF72A1B85CBD9003F9FDF /* PBXContainerItemProxy */;
			sourceTree = BUILT_PRODUCTS_DIR;
		};
		3B0EF72D1B85CBD9003F9FDF /* libPods-FXBlurView.a */ = {
			isa = PBXReferenceProxy;
			fileType = archive.ar;
			path = "libPods-FXBlurView.a";
			remoteRef = 3B0EF72C1B85CBD9003F9FDF /* PBXContainerItemProxy */;
			sourceTree = BUILT_PRODUCTS_DIR;
		};
/* End PBXReferenceProxy section */

/* Begin PBXResourcesBuildPhase section */
		3B29941D1B8485FB00C4C06D /* Resources */ = {
			isa = PBXResourcesBuildPhase;
			buildActionMask = 2147483647;
			files = (
				3B0EF71E1B85CBD9003F9FDF /* Target in Resources */,
				3B29942A1B8485FB00C4C06D /* Main.storyboard in Resources */,
				3B0EF7261B85CBD9003F9FDF /* Pods-FXBlurView-Private.xcconfig in Resources */,
				3B29942F1B8485FB00C4C06D /* LaunchScreen.xib in Resources */,
				3B0EF7201B85CBD9003F9FDF /* Pods-acknowledgements.plist in Resources */,
				3B0EF7271B85CBD9003F9FDF /* Pods-FXBlurView.xcconfig in Resources */,
				3B0EF7221B85CBD9003F9FDF /* Pods-resources.sh in Resources */,
				3B0EF7231B85CBD9003F9FDF /* Pods.debug.xcconfig in Resources */,
				3B0EF7241B85CBD9003F9FDF /* Pods.release.xcconfig in Resources */,
				3B29942C1B8485FB00C4C06D /* Images.xcassets in Resources */,
				3B0EF71D1B85CBD9003F9FDF /* Manifest.lock in Resources */,
			);
			runOnlyForDeploymentPostprocessing = 0;
		};
		3B2994321B8485FB00C4C06D /* Resources */ = {
			isa = PBXResourcesBuildPhase;
			buildActionMask = 2147483647;
			files = (
			);
			runOnlyForDeploymentPostprocessing = 0;
		};
/* End PBXResourcesBuildPhase section */

/* Begin PBXSourcesBuildPhase section */
		3B29941B1B8485FB00C4C06D /* Sources */ = {
			isa = PBXSourcesBuildPhase;
			buildActionMask = 2147483647;
			files = (
				3B2994271B8485FB00C4C06D /* ViewController.swift in Sources */,
				3B0EF71F1B85CBD9003F9FDF /* Pods-acknowledgements.markdown in Sources */,
				3B2994251B8485FB00C4C06D /* AppDelegate.swift in Sources */,
				3B0EF71A1B85CBD9003F9FDF /* FXBlurView.m in Sources */,
				3B0EF6EE1B85CB13003F9FDF /* JKPopMenuView.m in Sources */,
				3B0EF71B1B85CBD9003F9FDF /* LICENCE.md in Sources */,
				3B0EF6B91B857EF8003F9FDF /* ChannelViewController.swift in Sources */,
				3B0EF7211B85CBD9003F9FDF /* Pods-dummy.m in Sources */,
				3B0EF7251B85CBD9003F9FDF /* Pods-FXBlurView-dummy.m in Sources */,
				3B0EF71C1B85CBD9003F9FDF /* README.md in Sources */,
				3B2994451B849BF900C4C06D /* HttpController.swift in Sources */,
				3B0EF6ED1B85CB13003F9FDF /* JKPopMenuItem.m in Sources */,
			);
			runOnlyForDeploymentPostprocessing = 0;
		};
		3B2994301B8485FB00C4C06D /* Sources */ = {
			isa = PBXSourcesBuildPhase;
			buildActionMask = 2147483647;
			files = (
				3B29943B1B8485FB00C4C06D /* DoubanMusicTests.swift in Sources */,
			);
			runOnlyForDeploymentPostprocessing = 0;
		};
/* End PBXSourcesBuildPhase section */

/* Begin PBXTargetDependency section */
		3B2994361B8485FB00C4C06D /* PBXTargetDependency */ = {
			isa = PBXTargetDependency;
			target = 3B29941E1B8485FB00C4C06D /* DoubanMusic */;
			targetProxy = 3B2994351B8485FB00C4C06D /* PBXContainerItemProxy */;
		};
/* End PBXTargetDependency section */

/* Begin PBXVariantGroup section */
		3B2994281B8485FB00C4C06D /* Main.storyboard */ = {
			isa = PBXVariantGroup;
			children = (
				3B2994291B8485FB00C4C06D /* Base */,
			);
			name = Main.storyboard;
			sourceTree = "<group>";
		};
		3B29942D1B8485FB00C4C06D /* LaunchScreen.xib */ = {
			isa = PBXVariantGroup;
			children = (
				3B29942E1B8485FB00C4C06D /* Base */,
			);
			name = LaunchScreen.xib;
			sourceTree = "<group>";
		};
/* End PBXVariantGroup section */

/* Begin XCBuildConfiguration section */
		3B29943C1B8485FB00C4C06D /* Debug */ = {
			isa = XCBuildConfiguration;
			buildSettings = {
				ALWAYS_SEARCH_USER_PATHS = NO;
				CLANG_CXX_LANGUAGE_STANDARD = "gnu++0x";
				CLANG_CXX_LIBRARY = "libc++";
				CLANG_ENABLE_MODULES = YES;
				CLANG_ENABLE_OBJC_ARC = YES;
				CLANG_WARN_BOOL_CONVERSION = YES;
				CLANG_WARN_CONSTANT_CONVERSION = YES;
				CLANG_WARN_DIRECT_OBJC_ISA_USAGE = YES_ERROR;
				CLANG_WARN_EMPTY_BODY = YES;
				CLANG_WARN_ENUM_CONVERSION = YES;
				CLANG_WARN_INT_CONVERSION = YES;
				CLANG_WARN_OBJC_ROOT_CLASS = YES_ERROR;
				CLANG_WARN_UNREACHABLE_CODE = YES;
				CLANG_WARN__DUPLICATE_METHOD_MATCH = YES;
				"CODE_SIGN_IDENTITY[sdk=iphoneos*]" = "iPhone Developer";
				COPY_PHASE_STRIP = NO;
				DEBUG_INFORMATION_FORMAT = "dwarf-with-dsym";
				ENABLE_STRICT_OBJC_MSGSEND = YES;
				GCC_C_LANGUAGE_STANDARD = gnu99;
				GCC_DYNAMIC_NO_PIC = NO;
				GCC_NO_COMMON_BLOCKS = YES;
				GCC_OPTIMIZATION_LEVEL = 0;
				GCC_PREPROCESSOR_DEFINITIONS = (
					"DEBUG=1",
					"$(inherited)",
				);
				GCC_SYMBOLS_PRIVATE_EXTERN = NO;
				GCC_WARN_64_TO_32_BIT_CONVERSION = YES;
				GCC_WARN_ABOUT_RETURN_TYPE = YES_ERROR;
				GCC_WARN_UNDECLARED_SELECTOR = YES;
				GCC_WARN_UNINITIALIZED_AUTOS = YES_AGGRESSIVE;
				GCC_WARN_UNUSED_FUNCTION = YES;
				GCC_WARN_UNUSED_VARIABLE = YES;
				IPHONEOS_DEPLOYMENT_TARGET = 8.3;
				MTL_ENABLE_DEBUG_INFO = YES;
				ONLY_ACTIVE_ARCH = YES;
				SDKROOT = iphoneos;
				SWIFT_OPTIMIZATION_LEVEL = "-Onone";
			};
			name = Debug;
		};
		3B29943D1B8485FB00C4C06D /* Release */ = {
			isa = XCBuildConfiguration;
			buildSettings = {
				ALWAYS_SEARCH_USER_PATHS = NO;
				CLANG_CXX_LANGUAGE_STANDARD = "gnu++0x";
				CLANG_CXX_LIBRARY = "libc++";
				CLANG_ENABLE_MODULES = YES;
				CLANG_ENABLE_OBJC_ARC = YES;
				CLANG_WARN_BOOL_CONVERSION = YES;
				CLANG_WARN_CONSTANT_CONVERSION = YES;
				CLANG_WARN_DIRECT_OBJC_ISA_USAGE = YES_ERROR;
				CLANG_WARN_EMPTY_BODY = YES;
				CLANG_WARN_ENUM_CONVERSION = YES;
				CLANG_WARN_INT_CONVERSION = YES;
				CLANG_WARN_OBJC_ROOT_CLASS = YES_ERROR;
				CLANG_WARN_UNREACHABLE_CODE = YES;
				CLANG_WARN__DUPLICATE_METHOD_MATCH = YES;
				"CODE_SIGN_IDENTITY[sdk=iphoneos*]" = "iPhone Developer";
				COPY_PHASE_STRIP = NO;
				DEBUG_INFORMATION_FORMAT = "dwarf-with-dsym";
				ENABLE_NS_ASSERTIONS = NO;
				ENABLE_STRICT_OBJC_MSGSEND = YES;
				GCC_C_LANGUAGE_STANDARD = gnu99;
				GCC_NO_COMMON_BLOCKS = YES;
				GCC_WARN_64_TO_32_BIT_CONVERSION = YES;
				GCC_WARN_ABOUT_RETURN_TYPE = YES_ERROR;
				GCC_WARN_UNDECLARED_SELECTOR = YES;
				GCC_WARN_UNINITIALIZED_AUTOS = YES_AGGRESSIVE;
				GCC_WARN_UNUSED_FUNCTION = YES;
				GCC_WARN_UNUSED_VARIABLE = YES;
				IPHONEOS_DEPLOYMENT_TARGET = 8.3;
				MTL_ENABLE_DEBUG_INFO = NO;
				SDKROOT = iphoneos;
				VALIDATE_PRODUCT = YES;
			};
			name = Release;
		};
		3B29943F1B8485FB00C4C06D /* Debug */ = {
			isa = XCBuildConfiguration;
			buildSettings = {
				ASSETCATALOG_COMPILER_APPICON_NAME = AppIcon;
				INFOPLIST_FILE = DoubanMusic/Info.plist;
				LD_RUNPATH_SEARCH_PATHS = "$(inherited) @executable_path/Frameworks";
				PRODUCT_NAME = "$(TARGET_NAME)";
			};
			name = Debug;
		};
		3B2994401B8485FB00C4C06D /* Release */ = {
			isa = XCBuildConfiguration;
			buildSettings = {
				ASSETCATALOG_COMPILER_APPICON_NAME = AppIcon;
				INFOPLIST_FILE = DoubanMusic/Info.plist;
				LD_RUNPATH_SEARCH_PATHS = "$(inherited) @executable_path/Frameworks";
				PRODUCT_NAME = "$(TARGET_NAME)";
			};
			name = Release;
		};
		3B2994421B8485FB00C4C06D /* Debug */ = {
			isa = XCBuildConfiguration;
			buildSettings = {
				BUNDLE_LOADER = "$(TEST_HOST)";
				CLANG_ENABLE_MODULES = YES;
				FRAMEWORK_SEARCH_PATHS = (
					"$(SDKROOT)/Developer/Library/Frameworks",
					"$(inherited)",
				);
				GCC_PREPROCESSOR_DEFINITIONS = (
					"DEBUG=1",
					"$(inherited)",
				);
				INFOPLIST_FILE = DoubanMusicTests/Info.plist;
				LD_RUNPATH_SEARCH_PATHS = "$(inherited) @executable_path/Frameworks @loader_path/Frameworks";
				PRODUCT_NAME = "$(TARGET_NAME)";
				SWIFT_OBJC_BRIDGING_HEADER = "DoubanMusicTests/DoubanMusicTests-Bridging-Header.h";
				SWIFT_OPTIMIZATION_LEVEL = "-Onone";
				TEST_HOST = "$(BUILT_PRODUCTS_DIR)/DoubanMusic.app/DoubanMusic";
			};
			name = Debug;
		};
		3B2994431B8485FB00C4C06D /* Release */ = {
			isa = XCBuildConfiguration;
			buildSettings = {
				BUNDLE_LOADER = "$(TEST_HOST)";
				CLANG_ENABLE_MODULES = YES;
				FRAMEWORK_SEARCH_PATHS = (
					"$(SDKROOT)/Developer/Library/Frameworks",
					"$(inherited)",
				);
				INFOPLIST_FILE = DoubanMusicTests/Info.plist;
				LD_RUNPATH_SEARCH_PATHS = "$(inherited) @executable_path/Frameworks @loader_path/Frameworks";
				PRODUCT_NAME = "$(TARGET_NAME)";
				SWIFT_OBJC_BRIDGING_HEADER = "DoubanMusicTests/DoubanMusicTests-Bridging-Header.h";
				TEST_HOST = "$(BUILT_PRODUCTS_DIR)/DoubanMusic.app/DoubanMusic";
			};
			name = Release;
		};
/* End XCBuildConfiguration section */

/* Begin XCConfigurationList section */
		3B29941A1B8485FB00C4C06D /* Build configuration list for PBXProject "DoubanMusic" */ = {
			isa = XCConfigurationList;
			buildConfigurations = (
				3B29943C1B8485FB00C4C06D /* Debug */,
				3B29943D1B8485FB00C4C06D /* Release */,
			);
			defaultConfigurationIsVisible = 0;
			defaultConfigurationName = Release;
		};
		3B29943E1B8485FB00C4C06D /* Build configuration list for PBXNativeTarget "DoubanMusic" */ = {
			isa = XCConfigurationList;
			buildConfigurations = (
				3B29943F1B8485FB00C4C06D /* Debug */,
				3B2994401B8485FB00C4C06D /* Release */,
			);
			defaultConfigurationIsVisible = 0;
			defaultConfigurationName = Release;
		};
		3B2994411B8485FB00C4C06D /* Build configuration list for PBXNativeTarget "DoubanMusicTests" */ = {
			isa = XCConfigurationList;
			buildConfigurations = (
				3B2994421B8485FB00C4C06D /* Debug */,
				3B2994431B8485FB00C4C06D /* Release */,
			);
			defaultConfigurationIsVisible = 0;
			defaultConfigurationName = Release;
		};
/* End XCConfigurationList section */
	};
	rootObject = 3B2994171B8485FB00C4C06D /* Project object */;
}
